
Microsoft Visual Studio Solution File, Format Version 12.00
# Visual Studio Version 17
VisualStudioVersion = 17.6.33815.320
MinimumVisualStudioVersion = 10.0.40219.1
Project("{8BC9CEB8-8B4A-11D0-8D11-00A0C91BC942}") = "PECheckerApp", "PECheckerApp.vcxproj", "{E272B8BB-9003-48DA-939F-44787E515A2E}"
EndProject
Project("{8BC9CEB8-8B4A-11D0-8D11-00A0C91BC942}") = "PECheckerDLL", "..\PECheckerDLL\PECheckerDLL.vcxproj", "{869E0C94-DE10-410A-A909-565B6A041592}"
EndProject
Global
	GlobalSection(SolutionConfigurationPlatforms) = preSolution
		Debug|x64 = Debug|x64
		Debug|x86 = Debug|x86
		Release|x64 = Release|x64
		Release|x86 = Release|x86
	EndGlobalSection
	GlobalSection(ProjectConfigurationPlatforms) = postSolution
		{E272B8BB-9003-48DA-939F-44787E515A2E}.Debug|x64.ActiveCfg = Debug|x64
		{E272B8BB-9003-48DA-939F-44787E515A2E}.Debug|x64.Build.0 = Debug|x64
		{E272B8BB-9003-48DA-939F-44787E515A2E}.Debug|x86.ActiveCfg = Debug|Win32
		{E272B8BB-9003-48DA-939F-44787E515A2E}.Debug|x86.Build.0 = Debug|Win32
		{E272B8BB-9003-48DA-939F-44787E515A2E}.Release|x64.ActiveCfg = Release|x64
		{E272B8BB-9003-48DA-939F-44787E515A2E}.Release|x64.Build.0 = Release|x64
		{E272B8BB-9003-48DA-939F-44787E515A2E}.Release|x86.ActiveCfg = Release|Win32
		{E272B8BB-9003-48DA-939F-44787E515A2E}.Release|x86.Build.0 = Release|Win32
		{869E0C94-DE10-410A-A909-565B6A041592}.Debug|x64.ActiveCfg = Debug|x64
		{869E0C94-DE10-410A-A909-565B6A041592}.Debug|x64.Build.0 = Debug|x64
		{869E0C94-DE10-410A-A909-565B6A041592}.Debug|x86.ActiveCfg = Debug|Win32
		{869E0C94-DE10-410A-A909-565B6A041592}.Debug|x86.Build.0 = Debug|Win32
		{869E0C94-DE10-410A-A909-565B6A041592}.Release|x64.ActiveCfg = Release|x64
		{869E0C94-DE10-410A-A909-565B6A041592}.Release|x64.Build.0 = Release|x64
		{869E0C94-DE10-410A-A909-565B6A041592}.Release|x86.ActiveCfg = Release|Win32
		{869E0C94-DE10-410A-A909-565B6A041592}.Release|x86.Build.0 = Release|Win32
	EndGlobalSection
	GlobalSection(SolutionProperties) = preSolution
		HideSolutionNode = FALSE
	EndGlobalSection
	GlobalSection(ExtensibilityGlobals) = postSolution
		SolutionGuid = {CC5535F3-14B2-4A2C-BE84-71DFA88BFB48}
	EndGlobalSection
EndGlobal
